// !$*UTF8*$!
{
	archiveVersion = 1;
	classes = {
	};
	objectVersion = 46;
	objects = {

/* Begin PBXBuildFile section */
		48B2B07A177BCCF9008E17CF /* CompetitionViewController.m in Sources */ = {isa = PBXBuildFile; fileRef = 48B2B079177BCCF9008E17CF /* CompetitionViewController.m */; };
		48B2B07D177D1E88008E17CF /* Session.m in Sources */ = {isa = PBXBuildFile; fileRef = 48B2B07C177D1E88008E17CF /* Session.m */; };
		48B2B087177E7078008E17CF /* HtmlConverter.m in Sources */ = {isa = PBXBuildFile; fileRef = 48B2B086177E7078008E17CF /* HtmlConverter.m */; };
		48F390A217754A4200494BA3 /* UIKit.framework in Frameworks */ = {isa = PBXBuildFile; fileRef = 48F390A117754A4200494BA3 /* UIKit.framework */; };
		48F390A417754A4200494BA3 /* Foundation.framework in Frameworks */ = {isa = PBXBuildFile; fileRef = 48F390A317754A4200494BA3 /* Foundation.framework */; };
		48F390A617754A4200494BA3 /* CoreGraphics.framework in Frameworks */ = {isa = PBXBuildFile; fileRef = 48F390A517754A4200494BA3 /* CoreGraphics.framework */; };
		48F390AC17754A4200494BA3 /* InfoPlist.strings in Resources */ = {isa = PBXBuildFile; fileRef = 48F390AA17754A4200494BA3 /* InfoPlist.strings */; };
		48F390AE17754A4200494BA3 /* main.m in Sources */ = {isa = PBXBuildFile; fileRef = 48F390AD17754A4200494BA3 /* main.m */; };
		48F390B217754A4200494BA3 /* AppDelegate.m in Sources */ = {isa = PBXBuildFile; fileRef = 48F390B117754A4200494BA3 /* AppDelegate.m */; };
		48F390B417754A4200494BA3 /* Default.png in Resources */ = {isa = PBXBuildFile; fileRef = 48F390B317754A4200494BA3 /* Default.png */; };
		48F390B617754A4200494BA3 /* Default@2x.png in Resources */ = {isa = PBXBuildFile; fileRef = 48F390B517754A4200494BA3 /* Default@2x.png */; };
		48F390B817754A4200494BA3 /* Default-568h@2x.png in Resources */ = {isa = PBXBuildFile; fileRef = 48F390B717754A4200494BA3 /* Default-568h@2x.png */; };
		48F390BB17754A4200494BA3 /* MainStoryboard_iPhone.storyboard in Resources */ = {isa = PBXBuildFile; fileRef = 48F390B917754A4200494BA3 /* MainStoryboard_iPhone.storyboard */; };
		48F390BE17754A4200494BA3 /* MainStoryboard_iPad.storyboard in Resources */ = {isa = PBXBuildFile; fileRef = 48F390BC17754A4200494BA3 /* MainStoryboard_iPad.storyboard */; };
		48F390C117754A4200494BA3 /* ViewController.m in Sources */ = {isa = PBXBuildFile; fileRef = 48F390C017754A4200494BA3 /* ViewController.m */; };
		48F390C917754A4200494BA3 /* SenTestingKit.framework in Frameworks */ = {isa = PBXBuildFile; fileRef = 48F390C817754A4200494BA3 /* SenTestingKit.framework */; };
		48F390CA17754A4200494BA3 /* UIKit.framework in Frameworks */ = {isa = PBXBuildFile; fileRef = 48F390A117754A4200494BA3 /* UIKit.framework */; };
		48F390CB17754A4200494BA3 /* Foundation.framework in Frameworks */ = {isa = PBXBuildFile; fileRef = 48F390A317754A4200494BA3 /* Foundation.framework */; };
		48F390D317754A4200494BA3 /* InfoPlist.strings in Resources */ = {isa = PBXBuildFile; fileRef = 48F390D117754A4200494BA3 /* InfoPlist.strings */; };
		48F390D617754A4200494BA3 /* iproduct_sample_004Tests.m in Sources */ = {isa = PBXBuildFile; fileRef = 48F390D517754A4200494BA3 /* iproduct_sample_004Tests.m */; };
		48F390E117754B0C00494BA3 /* MainViewController.m in Sources */ = {isa = PBXBuildFile; fileRef = 48F390E017754B0C00494BA3 /* MainViewController.m */; };
		48F390E41775EB7100494BA3 /* CompetitionsViewController.m in Sources */ = {isa = PBXBuildFile; fileRef = 48F390E31775EB7100494BA3 /* CompetitionsViewController.m */; };
		48F390E81775EC3B00494BA3 /* Competition.m in Sources */ = {isa = PBXBuildFile; fileRef = 48F390E71775EC3B00494BA3 /* Competition.m */; };
		48F390EC1775ED5400494BA3 /* CompetitionsDataController.m in Sources */ = {isa = PBXBuildFile; fileRef = 48F390EB1775ED5400494BA3 /* CompetitionsDataController.m */; };
		48F3911517762C2100494BA3 /* minus.png in Resources */ = {isa = PBXBuildFile; fileRef = 48F3911117762C2000494BA3 /* minus.png */; };
		48F3911617762C2100494BA3 /* ok.png in Resources */ = {isa = PBXBuildFile; fileRef = 48F3911217762C2000494BA3 /* ok.png */; };
		48F3911717762C2100494BA3 /* plus.png in Resources */ = {isa = PBXBuildFile; fileRef = 48F3911317762C2000494BA3 /* plus.png */; };
		48F3911817762C2100494BA3 /* x.png in Resources */ = {isa = PBXBuildFile; fileRef = 48F3911417762C2100494BA3 /* x.png */; };
		48F3911B17762E1800494BA3 /* EventsViewController.m in Sources */ = {isa = PBXBuildFile; fileRef = 48F3911A17762E1800494BA3 /* EventsViewController.m */; };
		48F3911E177641A200494BA3 /* Event.m in Sources */ = {isa = PBXBuildFile; fileRef = 48F3911D177641A200494BA3 /* Event.m */; };
		48F39121177642B700494BA3 /* Competitor.m in Sources */ = {isa = PBXBuildFile; fileRef = 48F39120177642B700494BA3 /* Competitor.m */; };
		48F39124177696FC00494BA3 /* EventsDataController.m in Sources */ = {isa = PBXBuildFile; fileRef = 48F39123177696FC00494BA3 /* EventsDataController.m */; };
/* End PBXBuildFile section */

/* Begin PBXContainerItemProxy section */
		48F390CC17754A4200494BA3 /* PBXContainerItemProxy */ = {
			isa = PBXContainerItemProxy;
			containerPortal = 48F3909617754A4200494BA3 /* Project object */;
			proxyType = 1;
			remoteGlobalIDString = 48F3909D17754A4200494BA3;
			remoteInfo = "iproduct-sample-004";
		};
/* End PBXContainerItemProxy section */

/* Begin PBXFileReference section */
		48B2B078177BCCF9008E17CF /* CompetitionViewController.h */ = {isa = PBXFileReference; fileEncoding = 4; lastKnownFileType = sourcecode.c.h; path = CompetitionViewController.h; sourceTree = "<group>"; };
		48B2B079177BCCF9008E17CF /* CompetitionViewController.m */ = {isa = PBXFileReference; fileEncoding = 4; lastKnownFileType = sourcecode.c.objc; path = CompetitionViewController.m; sourceTree = "<group>"; };
		48B2B07B177D1E88008E17CF /* Session.h */ = {isa = PBXFileReference; fileEncoding = 4; lastKnownFileType = sourcecode.c.h; path = Session.h; sourceTree = "<group>"; };
		48B2B07C177D1E88008E17CF /* Session.m */ = {isa = PBXFileReference; fileEncoding = 4; lastKnownFileType = sourcecode.c.objc; path = Session.m; sourceTree = "<group>"; };
		48B2B085177E7078008E17CF /* HtmlConverter.h */ = {isa = PBXFileReference; fileEncoding = 4; lastKnownFileType = sourcecode.c.h; path = HtmlConverter.h; sourceTree = "<group>"; };
		48B2B086177E7078008E17CF /* HtmlConverter.m */ = {isa = PBXFileReference; fileEncoding = 4; lastKnownFileType = sourcecode.c.objc; path = HtmlConverter.m; sourceTree = "<group>"; };
		48F3909E17754A4200494BA3 /* iproduct-sample-004.app */ = {isa = PBXFileReference; explicitFileType = wrapper.application; includeInIndex = 0; path = "iproduct-sample-004.app"; sourceTree = BUILT_PRODUCTS_DIR; };
		48F390A117754A4200494BA3 /* UIKit.framework */ = {isa = PBXFileReference; lastKnownFileType = wrapper.framework; name = UIKit.framework; path = System/Library/Frameworks/UIKit.framework; sourceTree = SDKROOT; };
		48F390A317754A4200494BA3 /* Foundation.framework */ = {isa = PBXFileReference; lastKnownFileType = wrapper.framework; name = Foundation.framework; path = System/Library/Frameworks/Foundation.framework; sourceTree = SDKROOT; };
		48F390A517754A4200494BA3 /* CoreGraphics.framework */ = {isa = PBXFileReference; lastKnownFileType = wrapper.framework; name = CoreGraphics.framework; path = System/Library/Frameworks/CoreGraphics.framework; sourceTree = SDKROOT; };
		48F390A917754A4200494BA3 /* iproduct-sample-004-Info.plist */ = {isa = PBXFileReference; lastKnownFileType = text.plist.xml; path = "iproduct-sample-004-Info.plist"; sourceTree = "<group>"; };
		48F390AB17754A4200494BA3 /* en */ = {isa = PBXFileReference; lastKnownFileType = text.plist.strings; name = en; path = en.lproj/InfoPlist.strings; sourceTree = "<group>"; };
		48F390AD17754A4200494BA3 /* main.m */ = {isa = PBXFileReference; lastKnownFileType = sourcecode.c.objc; path = main.m; sourceTree = "<group>"; };
		48F390AF17754A4200494BA3 /* iproduct-sample-004-Prefix.pch */ = {isa = PBXFileReference; lastKnownFileType = sourcecode.c.h; path = "iproduct-sample-004-Prefix.pch"; sourceTree = "<group>"; };
		48F390B017754A4200494BA3 /* AppDelegate.h */ = {isa = PBXFileReference; lastKnownFileType = sourcecode.c.h; path = AppDelegate.h; sourceTree = "<group>"; };
		48F390B117754A4200494BA3 /* AppDelegate.m */ = {isa = PBXFileReference; lastKnownFileType = sourcecode.c.objc; path = AppDelegate.m; sourceTree = "<group>"; };
		48F390B317754A4200494BA3 /* Default.png */ = {isa = PBXFileReference; lastKnownFileType = image.png; path = Default.png; sourceTree = "<group>"; };
		48F390B517754A4200494BA3 /* Default@2x.png */ = {isa = PBXFileReference; lastKnownFileType = image.png; path = "Default@2x.png"; sourceTree = "<group>"; };
		48F390B717754A4200494BA3 /* Default-568h@2x.png */ = {isa = PBXFileReference; lastKnownFileType = image.png; path = "Default-568h@2x.png"; sourceTree = "<group>"; };
		48F390BA17754A4200494BA3 /* en */ = {isa = PBXFileReference; lastKnownFileType = file.storyboard; name = en; path = en.lproj/MainStoryboard_iPhone.storyboard; sourceTree = "<group>"; };
		48F390BD17754A4200494BA3 /* en */ = {isa = PBXFileReference; lastKnownFileType = file.storyboard; name = en; path = en.lproj/MainStoryboard_iPad.storyboard; sourceTree = "<group>"; };
		48F390BF17754A4200494BA3 /* ViewController.h */ = {isa = PBXFileReference; lastKnownFileType = sourcecode.c.h; path = ViewController.h; sourceTree = "<group>"; };
		48F390C017754A4200494BA3 /* ViewController.m */ = {isa = PBXFileReference; lastKnownFileType = sourcecode.c.objc; path = ViewController.m; sourceTree = "<group>"; };
		48F390C717754A4200494BA3 /* iproduct-sample-004Tests.octest */ = {isa = PBXFileReference; explicitFileType = wrapper.cfbundle; includeInIndex = 0; path = "iproduct-sample-004Tests.octest"; sourceTree = BUILT_PRODUCTS_DIR; };
		48F390C817754A4200494BA3 /* SenTestingKit.framework */ = {isa = PBXFileReference; lastKnownFileType = wrapper.framework; name = SenTestingKit.framework; path = Library/Frameworks/SenTestingKit.framework; sourceTree = DEVELOPER_DIR; };
		48F390D017754A4200494BA3 /* iproduct-sample-004Tests-Info.plist */ = {isa = PBXFileReference; lastKnownFileType = text.plist.xml; path = "iproduct-sample-004Tests-Info.plist"; sourceTree = "<group>"; };
		48F390D217754A4200494BA3 /* en */ = {isa = PBXFileReference; lastKnownFileType = text.plist.strings; name = en; path = en.lproj/InfoPlist.strings; sourceTree = "<group>"; };
		48F390D417754A4200494BA3 /* iproduct_sample_004Tests.h */ = {isa = PBXFileReference; lastKnownFileType = sourcecode.c.h; path = iproduct_sample_004Tests.h; sourceTree = "<group>"; };
		48F390D517754A4200494BA3 /* iproduct_sample_004Tests.m */ = {isa = PBXFileReference; lastKnownFileType = sourcecode.c.objc; path = iproduct_sample_004Tests.m; sourceTree = "<group>"; };
		48F390DF17754B0C00494BA3 /* MainViewController.h */ = {isa = PBXFileReference; fileEncoding = 4; lastKnownFileType = sourcecode.c.h; path = MainViewController.h; sourceTree = "<group>"; };
		48F390E017754B0C00494BA3 /* MainViewController.m */ = {isa = PBXFileReference; fileEncoding = 4; lastKnownFileType = sourcecode.c.objc; path = MainViewController.m; sourceTree = "<group>"; };
		48F390E21775EB7100494BA3 /* CompetitionsViewController.h */ = {isa = PBXFileReference; fileEncoding = 4; lastKnownFileType = sourcecode.c.h; path = CompetitionsViewController.h; sourceTree = "<group>"; };
		48F390E31775EB7100494BA3 /* CompetitionsViewController.m */ = {isa = PBXFileReference; fileEncoding = 4; lastKnownFileType = sourcecode.c.objc; path = CompetitionsViewController.m; sourceTree = "<group>"; };
		48F390E61775EC3B00494BA3 /* Competition.h */ = {isa = PBXFileReference; fileEncoding = 4; lastKnownFileType = sourcecode.c.h; path = Competition.h; sourceTree = "<group>"; };
		48F390E71775EC3B00494BA3 /* Competition.m */ = {isa = PBXFileReference; fileEncoding = 4; lastKnownFileType = sourcecode.c.objc; path = Competition.m; sourceTree = "<group>"; };
		48F390EA1775ED5400494BA3 /* CompetitionsDataController.h */ = {isa = PBXFileReference; fileEncoding = 4; lastKnownFileType = sourcecode.c.h; path = CompetitionsDataController.h; sourceTree = "<group>"; };
		48F390EB1775ED5400494BA3 /* CompetitionsDataController.m */ = {isa = PBXFileReference; fileEncoding = 4; lastKnownFileType = sourcecode.c.objc; path = CompetitionsDataController.m; sourceTree = "<group>"; };
		48F3911117762C2000494BA3 /* minus.png */ = {isa = PBXFileReference; lastKnownFileType = image.png; path = minus.png; sourceTree = "<group>"; };
		48F3911217762C2000494BA3 /* ok.png */ = {isa = PBXFileReference; lastKnownFileType = image.png; path = ok.png; sourceTree = "<group>"; };
		48F3911317762C2000494BA3 /* plus.png */ = {isa = PBXFileReference; lastKnownFileType = image.png; path = plus.png; sourceTree = "<group>"; };
		48F3911417762C2100494BA3 /* x.png */ = {isa = PBXFileReference; lastKnownFileType = image.png; path = x.png; sourceTree = "<group>"; };
		48F3911917762E1700494BA3 /* EventsViewController.h */ = {isa = PBXFileReference; fileEncoding = 4; lastKnownFileType = sourcecode.c.h; path = EventsViewController.h; sourceTree = "<group>"; };
		48F3911A17762E1800494BA3 /* EventsViewController.m */ = {isa = PBXFileReference; fileEncoding = 4; lastKnownFileType = sourcecode.c.objc; path = EventsViewController.m; sourceTree = "<group>"; };
		48F3911C177641A200494BA3 /* Event.h */ = {isa = PBXFileReference; fileEncoding = 4; lastKnownFileType = sourcecode.c.h; path = Event.h; sourceTree = "<group>"; };
		48F3911D177641A200494BA3 /* Event.m */ = {isa = PBXFileReference; fileEncoding = 4; lastKnownFileType = sourcecode.c.objc; path = Event.m; sourceTree = "<group>"; };
		48F3911F177642B700494BA3 /* Competitor.h */ = {isa = PBXFileReference; fileEncoding = 4; lastKnownFileType = sourcecode.c.h; path = Competitor.h; sourceTree = "<group>"; };
		48F39120177642B700494BA3 /* Competitor.m */ = {isa = PBXFileReference; fileEncoding = 4; lastKnownFileType = sourcecode.c.objc; path = Competitor.m; sourceTree = "<group>"; };
		48F39122177696FC00494BA3 /* EventsDataController.h */ = {isa = PBXFileReference; fileEncoding = 4; lastKnownFileType = sourcecode.c.h; path = EventsDataController.h; sourceTree = "<group>"; };
		48F39123177696FC00494BA3 /* EventsDataController.m */ = {isa = PBXFileReference; fileEncoding = 4; lastKnownFileType = sourcecode.c.objc; path = EventsDataController.m; sourceTree = "<group>"; };
/* End PBXFileReference section */

/* Begin PBXFrameworksBuildPhase section */
		48F3909B17754A4200494BA3 /* Frameworks */ = {
			isa = PBXFrameworksBuildPhase;
			buildActionMask = 2147483647;
			files = (
				48F390A217754A4200494BA3 /* UIKit.framework in Frameworks */,
				48F390A417754A4200494BA3 /* Foundation.framework in Frameworks */,
				48F390A617754A4200494BA3 /* CoreGraphics.framework in Frameworks */,
			);
			runOnlyForDeploymentPostprocessing = 0;
		};
		48F390C317754A4200494BA3 /* Frameworks */ = {
			isa = PBXFrameworksBuildPhase;
			buildActionMask = 2147483647;
			files = (
				48F390C917754A4200494BA3 /* SenTestingKit.framework in Frameworks */,
				48F390CA17754A4200494BA3 /* UIKit.framework in Frameworks */,
				48F390CB17754A4200494BA3 /* Foundation.framework in Frameworks */,
			);
			runOnlyForDeploymentPostprocessing = 0;
		};
/* End PBXFrameworksBuildPhase section */

/* Begin PBXGroup section */
		48B2B07E177E6A40008E17CF /* util */ = {
			isa = PBXGroup;
			children = (
				48B2B085177E7078008E17CF /* HtmlConverter.h */,
				48B2B086177E7078008E17CF /* HtmlConverter.m */,
			);
			name = util;
			sourceTree = "<group>";
		};
		48F3909517754A4200494BA3 = {
			isa = PBXGroup;
			children = (
				48F390A717754A4200494BA3 /* iproduct-sample-004 */,
				48F390CE17754A4200494BA3 /* iproduct-sample-004Tests */,
				48F390A017754A4200494BA3 /* Frameworks */,
				48F3909F17754A4200494BA3 /* Products */,
			);
			sourceTree = "<group>";
		};
		48F3909F17754A4200494BA3 /* Products */ = {
			isa = PBXGroup;
			children = (
				48F3909E17754A4200494BA3 /* iproduct-sample-004.app */,
				48F390C717754A4200494BA3 /* iproduct-sample-004Tests.octest */,
			);
			name = Products;
			sourceTree = "<group>";
		};
		48F390A017754A4200494BA3 /* Frameworks */ = {
			isa = PBXGroup;
			children = (
				48F390A117754A4200494BA3 /* UIKit.framework */,
				48F390A317754A4200494BA3 /* Foundation.framework */,
				48F390A517754A4200494BA3 /* CoreGraphics.framework */,
				48F390C817754A4200494BA3 /* SenTestingKit.framework */,
			);
			name = Frameworks;
			sourceTree = "<group>";
		};
		48F390A717754A4200494BA3 /* iproduct-sample-004 */ = {
			isa = PBXGroup;
			children = (
				48B2B07E177E6A40008E17CF /* util */,
				48F390E91775ED2800494BA3 /* data-controller */,
				48F390E51775EC1A00494BA3 /* model */,
				48F390B017754A4200494BA3 /* AppDelegate.h */,
				48F390B117754A4200494BA3 /* AppDelegate.m */,
				48F390B917754A4200494BA3 /* MainStoryboard_iPhone.storyboard */,
				48F390BC17754A4200494BA3 /* MainStoryboard_iPad.storyboard */,
				48F390BF17754A4200494BA3 /* ViewController.h */,
				48F390C017754A4200494BA3 /* ViewController.m */,
				48F390A817754A4200494BA3 /* Supporting Files */,
				48F390DF17754B0C00494BA3 /* MainViewController.h */,
				48F390E017754B0C00494BA3 /* MainViewController.m */,
				48F390E21775EB7100494BA3 /* CompetitionsViewController.h */,
				48F390E31775EB7100494BA3 /* CompetitionsViewController.m */,
				48F3911917762E1700494BA3 /* EventsViewController.h */,
				48F3911A17762E1800494BA3 /* EventsViewController.m */,
				48B2B078177BCCF9008E17CF /* CompetitionViewController.h */,
				48B2B079177BCCF9008E17CF /* CompetitionViewController.m */,
			);
			path = "iproduct-sample-004";
			sourceTree = "<group>";
		};
		48F390A817754A4200494BA3 /* Supporting Files */ = {
			isa = PBXGroup;
			children = (
				48F3911117762C2000494BA3 /* minus.png */,
				48F3911217762C2000494BA3 /* ok.png */,
				48F3911317762C2000494BA3 /* plus.png */,
				48F3911417762C2100494BA3 /* x.png */,
				48F390A917754A4200494BA3 /* iproduct-sample-004-Info.plist */,
				48F390AA17754A4200494BA3 /* InfoPlist.strings */,
				48F390AD17754A4200494BA3 /* main.m */,
				48F390AF17754A4200494BA3 /* iproduct-sample-004-Prefix.pch */,
				48F390B317754A4200494BA3 /* Default.png */,
				48F390B517754A4200494BA3 /* Default@2x.png */,
				48F390B717754A4200494BA3 /* Default-568h@2x.png */,
			);
			name = "Supporting Files";
			sourceTree = "<group>";
		};
		48F390CE17754A4200494BA3 /* iproduct-sample-004Tests */ = {
			isa = PBXGroup;
			children = (
				48F390D417754A4200494BA3 /* iproduct_sample_004Tests.h */,
				48F390D517754A4200494BA3 /* iproduct_sample_004Tests.m */,
				48F390CF17754A4200494BA3 /* Supporting Files */,
			);
			path = "iproduct-sample-004Tests";
			sourceTree = "<group>";
		};
		48F390CF17754A4200494BA3 /* Supporting Files */ = {
			isa = PBXGroup;
			children = (
				48F390D017754A4200494BA3 /* iproduct-sample-004Tests-Info.plist */,
				48F390D117754A4200494BA3 /* InfoPlist.strings */,
			);
			name = "Supporting Files";
			sourceTree = "<group>";
		};
		48F390E51775EC1A00494BA3 /* model */ = {
			isa = PBXGroup;
			children = (
				48F390E61775EC3B00494BA3 /* Competition.h */,
				48F390E71775EC3B00494BA3 /* Competition.m */,
				48F3911C177641A200494BA3 /* Event.h */,
				48F3911D177641A200494BA3 /* Event.m */,
				48F3911F177642B700494BA3 /* Competitor.h */,
				48F39120177642B700494BA3 /* Competitor.m */,
				48B2B07B177D1E88008E17CF /* Session.h */,
				48B2B07C177D1E88008E17CF /* Session.m */,
			);
			name = model;
			sourceTree = "<group>";
		};
		48F390E91775ED2800494BA3 /* data-controller */ = {
			isa = PBXGroup;
			children = (
				48F390EA1775ED5400494BA3 /* CompetitionsDataController.h */,
				48F390EB1775ED5400494BA3 /* CompetitionsDataController.m */,
				48F39122177696FC00494BA3 /* EventsDataController.h */,
				48F39123177696FC00494BA3 /* EventsDataController.m */,
			);
			name = "data-controller";
			sourceTree = "<group>";
		};
/* End PBXGroup section */

/* Begin PBXNativeTarget section */
		48F3909D17754A4200494BA3 /* iproduct-sample-004 */ = {
			isa = PBXNativeTarget;
			buildConfigurationList = 48F390D917754A4200494BA3 /* Build configuration list for PBXNativeTarget "iproduct-sample-004" */;
			buildPhases = (
				48F3909A17754A4200494BA3 /* Sources */,
				48F3909B17754A4200494BA3 /* Frameworks */,
				48F3909C17754A4200494BA3 /* Resources */,
			);
			buildRules = (
			);
			dependencies = (
			);
			name = "iproduct-sample-004";
			productName = "iproduct-sample-004";
			productReference = 48F3909E17754A4200494BA3 /* iproduct-sample-004.app */;
			productType = "com.apple.product-type.application";
		};
		48F390C617754A4200494BA3 /* iproduct-sample-004Tests */ = {
			isa = PBXNativeTarget;
			buildConfigurationList = 48F390DC17754A4200494BA3 /* Build configuration list for PBXNativeTarget "iproduct-sample-004Tests" */;
			buildPhases = (
				48F390C217754A4200494BA3 /* Sources */,
				48F390C317754A4200494BA3 /* Frameworks */,
				48F390C417754A4200494BA3 /* Resources */,
				48F390C517754A4200494BA3 /* ShellScript */,
			);
			buildRules = (
			);
			dependencies = (
				48F390CD17754A4200494BA3 /* PBXTargetDependency */,
			);
			name = "iproduct-sample-004Tests";
			productName = "iproduct-sample-004Tests";
			productReference = 48F390C717754A4200494BA3 /* iproduct-sample-004Tests.octest */;
			productType = "com.apple.product-type.bundle";
		};
/* End PBXNativeTarget section */

/* Begin PBXProject section */
		48F3909617754A4200494BA3 /* Project object */ = {
			isa = PBXProject;
			attributes = {
				LastUpgradeCheck = 0460;
				ORGANIZATIONNAME = Rogerio;
			};
			buildConfigurationList = 48F3909917754A4200494BA3 /* Build configuration list for PBXProject "iproduct-sample-004" */;
			compatibilityVersion = "Xcode 3.2";
			developmentRegion = English;
			hasScannedForEncodings = 0;
			knownRegions = (
				en,
			);
			mainGroup = 48F3909517754A4200494BA3;
			productRefGroup = 48F3909F17754A4200494BA3 /* Products */;
			projectDirPath = "";
			projectRoot = "";
			targets = (
				48F3909D17754A4200494BA3 /* iproduct-sample-004 */,
				48F390C617754A4200494BA3 /* iproduct-sample-004Tests */,
			);
		};
/* End PBXProject section */

/* Begin PBXResourcesBuildPhase section */
		48F3909C17754A4200494BA3 /* Resources */ = {
			isa = PBXResourcesBuildPhase;
			buildActionMask = 2147483647;
			files = (
				48F390AC17754A4200494BA3 /* InfoPlist.strings in Resources */,
				48F390B417754A4200494BA3 /* Default.png in Resources */,
				48F390B617754A4200494BA3 /* Default@2x.png in Resources */,
				48F390B817754A4200494BA3 /* Default-568h@2x.png in Resources */,
				48F390BB17754A4200494BA3 /* MainStoryboard_iPhone.storyboard in Resources */,
				48F390BE17754A4200494BA3 /* MainStoryboard_iPad.storyboard in Resources */,
				48F3911517762C2100494BA3 /* minus.png in Resources */,
				48F3911617762C2100494BA3 /* ok.png in Resources */,
				48F3911717762C2100494BA3 /* plus.png in Resources */,
				48F3911817762C2100494BA3 /* x.png in Resources */,
			);
			runOnlyForDeploymentPostprocessing = 0;
		};
		48F390C417754A4200494BA3 /* Resources */ = {
			isa = PBXResourcesBuildPhase;
			buildActionMask = 2147483647;
			files = (
				48F390D317754A4200494BA3 /* InfoPlist.strings in Resources */,
			);
			runOnlyForDeploymentPostprocessing = 0;
		};
/* End PBXResourcesBuildPhase section */

/* Begin PBXShellScriptBuildPhase section */
		48F390C517754A4200494BA3 /* ShellScript */ = {
			isa = PBXShellScriptBuildPhase;
			buildActionMask = 2147483647;
			files = (
			);
			inputPaths = (
			);
			outputPaths = (
			);
			runOnlyForDeploymentPostprocessing = 0;
			shellPath = /bin/sh;
			shellScript = "# Run the unit tests in this test bundle.\n\"${SYSTEM_DEVELOPER_DIR}/Tools/RunUnitTests\"\n";
		};
/* End PBXShellScriptBuildPhase section */

/* Begin PBXSourcesBuildPhase section */
		48F3909A17754A4200494BA3 /* Sources */ = {
			isa = PBXSourcesBuildPhase;
			buildActionMask = 2147483647;
			files = (
				48F390AE17754A4200494BA3 /* main.m in Sources */,
				48F390B217754A4200494BA3 /* AppDelegate.m in Sources */,
				48F390C117754A4200494BA3 /* ViewController.m in Sources */,
				48F390E117754B0C00494BA3 /* MainViewController.m in Sources */,
				48F390E41775EB7100494BA3 /* CompetitionsViewController.m in Sources */,
				48F390E81775EC3B00494BA3 /* Competition.m in Sources */,
				48F390EC1775ED5400494BA3 /* CompetitionsDataController.m in Sources */,
				48F3911B17762E1800494BA3 /* EventsViewController.m in Sources */,
				48F3911E177641A200494BA3 /* Event.m in Sources */,
				48F39121177642B700494BA3 /* Competitor.m in Sources */,
				48F39124177696FC00494BA3 /* EventsDataController.m in Sources */,
				48B2B07A177BCCF9008E17CF /* CompetitionViewController.m in Sources */,
				48B2B07D177D1E88008E17CF /* Session.m in Sources */,
				48B2B087177E7078008E17CF /* HtmlConverter.m in Sources */,
			);
			runOnlyForDeploymentPostprocessing = 0;
		};
		48F390C217754A4200494BA3 /* Sources */ = {
			isa = PBXSourcesBuildPhase;
			buildActionMask = 2147483647;
			files = (
				48F390D617754A4200494BA3 /* iproduct_sample_004Tests.m in Sources */,
			);
			runOnlyForDeploymentPostprocessing = 0;
		};
/* End PBXSourcesBuildPhase section */

/* Begin PBXTargetDependency section */
		48F390CD17754A4200494BA3 /* PBXTargetDependency */ = {
			isa = PBXTargetDependency;
			target = 48F3909D17754A4200494BA3 /* iproduct-sample-004 */;
			targetProxy = 48F390CC17754A4200494BA3 /* PBXContainerItemProxy */;
		};
/* End PBXTargetDependency section */

/* Begin PBXVariantGroup section */
		48F390AA17754A4200494BA3 /* InfoPlist.strings */ = {
			isa = PBXVariantGroup;
			children = (
				48F390AB17754A4200494BA3 /* en */,
			);
			name = InfoPlist.strings;
			sourceTree = "<group>";
		};
		48F390B917754A4200494BA3 /* MainStoryboard_iPhone.storyboard */ = {
			isa = PBXVariantGroup;
			children = (
				48F390BA17754A4200494BA3 /* en */,
			);
			name = MainStoryboard_iPhone.storyboard;
			sourceTree = "<group>";
		};
		48F390BC17754A4200494BA3 /* MainStoryboard_iPad.storyboard */ = {
			isa = PBXVariantGroup;
			children = (
				48F390BD17754A4200494BA3 /* en */,
			);
			name = MainStoryboard_iPad.storyboard;
			sourceTree = "<group>";
		};
		48F390D117754A4200494BA3 /* InfoPlist.strings */ = {
			isa = PBXVariantGroup;
			children = (
				48F390D217754A4200494BA3 /* en */,
			);
			name = InfoPlist.strings;
			sourceTree = "<group>";
		};
/* End PBXVariantGroup section */

/* Begin XCBuildConfiguration section */
		48F390D717754A4200494BA3 /* Debug */ = {
			isa = XCBuildConfiguration;
			buildSettings = {
				ALWAYS_SEARCH_USER_PATHS = NO;
				CLANG_CXX_LANGUAGE_STANDARD = "gnu++0x";
				CLANG_CXX_LIBRARY = "libc++";
				CLANG_ENABLE_OBJC_ARC = YES;
				CLANG_WARN_CONSTANT_CONVERSION = YES;
				CLANG_WARN_EMPTY_BODY = YES;
				CLANG_WARN_ENUM_CONVERSION = YES;
				CLANG_WARN_INT_CONVERSION = YES;
				CLANG_WARN__DUPLICATE_METHOD_MATCH = YES;
				"CODE_SIGN_IDENTITY[sdk=iphoneos*]" = "iPhone Developer";
				COPY_PHASE_STRIP = NO;
				GCC_C_LANGUAGE_STANDARD = gnu99;
				GCC_DYNAMIC_NO_PIC = NO;
				GCC_OPTIMIZATION_LEVEL = 0;
				GCC_PREPROCESSOR_DEFINITIONS = (
					"DEBUG=1",
					"$(inherited)",
				);
				GCC_SYMBOLS_PRIVATE_EXTERN = NO;
				GCC_WARN_ABOUT_RETURN_TYPE = YES;
				GCC_WARN_UNINITIALIZED_AUTOS = YES;
				GCC_WARN_UNUSED_VARIABLE = YES;
				IPHONEOS_DEPLOYMENT_TARGET = 6.1;
				ONLY_ACTIVE_ARCH = YES;
				SDKROOT = iphoneos;
				TARGETED_DEVICE_FAMILY = "1,2";
			};
			name = Debug;
		};
		48F390D817754A4200494BA3 /* Release */ = {
			isa = XCBuildConfiguration;
			buildSettings = {
				ALWAYS_SEARCH_USER_PATHS = NO;
				CLANG_CXX_LANGUAGE_STANDARD = "gnu++0x";
				CLANG_CXX_LIBRARY = "libc++";
				CLANG_ENABLE_OBJC_ARC = YES;
				CLANG_WARN_CONSTANT_CONVERSION = YES;
				CLANG_WARN_EMPTY_BODY = YES;
				CLANG_WARN_ENUM_CONVERSION = YES;
				CLANG_WARN_INT_CONVERSION = YES;
				CLANG_WARN__DUPLICATE_METHOD_MATCH = YES;
				"CODE_SIGN_IDENTITY[sdk=iphoneos*]" = "iPhone Developer";
				COPY_PHASE_STRIP = YES;
				GCC_C_LANGUAGE_STANDARD = gnu99;
				GCC_WARN_ABOUT_RETURN_TYPE = YES;
				GCC_WARN_UNINITIALIZED_AUTOS = YES;
				GCC_WARN_UNUSED_VARIABLE = YES;
				IPHONEOS_DEPLOYMENT_TARGET = 6.1;
				OTHER_CFLAGS = "-DNS_BLOCK_ASSERTIONS=1";
				SDKROOT = iphoneos;
				TARGETED_DEVICE_FAMILY = "1,2";
				VALIDATE_PRODUCT = YES;
			};
			name = Release;
		};
		48F390DA17754A4200494BA3 /* Debug */ = {
			isa = XCBuildConfiguration;
			buildSettings = {
				GCC_PRECOMPILE_PREFIX_HEADER = YES;
				GCC_PREFIX_HEADER = "iproduct-sample-004/iproduct-sample-004-Prefix.pch";
				INFOPLIST_FILE = "iproduct-sample-004/iproduct-sample-004-Info.plist";
				PRODUCT_NAME = "$(TARGET_NAME)";
				WRAPPER_EXTENSION = app;
			};
			name = Debug;
		};
		48F390DB17754A4200494BA3 /* Release */ = {
			isa = XCBuildConfiguration;
			buildSettings = {
				GCC_PRECOMPILE_PREFIX_HEADER = YES;
				GCC_PREFIX_HEADER = "iproduct-sample-004/iproduct-sample-004-Prefix.pch";
				INFOPLIST_FILE = "iproduct-sample-004/iproduct-sample-004-Info.plist";
				PRODUCT_NAME = "$(TARGET_NAME)";
				WRAPPER_EXTENSION = app;
			};
			name = Release;
		};
		48F390DD17754A4200494BA3 /* Debug */ = {
			isa = XCBuildConfiguration;
			buildSettings = {
				BUNDLE_LOADER = "$(BUILT_PRODUCTS_DIR)/iproduct-sample-004.app/iproduct-sample-004";
				FRAMEWORK_SEARCH_PATHS = (
					"\"$(SDKROOT)/Developer/Library/Frameworks\"",
					"\"$(DEVELOPER_LIBRARY_DIR)/Frameworks\"",
				);
				GCC_PRECOMPILE_PREFIX_HEADER = YES;
				GCC_PREFIX_HEADER = "iproduct-sample-004/iproduct-sample-004-Prefix.pch";
				INFOPLIST_FILE = "iproduct-sample-004Tests/iproduct-sample-004Tests-Info.plist";
				PRODUCT_NAME = "$(TARGET_NAME)";
				TEST_HOST = "$(BUNDLE_LOADER)";
				WRAPPER_EXTENSION = octest;
			};
			name = Debug;
		};
		48F390DE17754A4200494BA3 /* Release */ = {
			isa = XCBuildConfiguration;
			buildSettings = {
				BUNDLE_LOADER = "$(BUILT_PRODUCTS_DIR)/iproduct-sample-004.app/iproduct-sample-004";
				FRAMEWORK_SEARCH_PATHS = (
					"\"$(SDKROOT)/Developer/Library/Frameworks\"",
					"\"$(DEVELOPER_LIBRARY_DIR)/Frameworks\"",
				);
				GCC_PRECOMPILE_PREFIX_HEADER = YES;
				GCC_PREFIX_HEADER = "iproduct-sample-004/iproduct-sample-004-Prefix.pch";
				INFOPLIST_FILE = "iproduct-sample-004Tests/iproduct-sample-004Tests-Info.plist";
				PRODUCT_NAME = "$(TARGET_NAME)";
				TEST_HOST = "$(BUNDLE_LOADER)";
				WRAPPER_EXTENSION = octest;
			};
			name = Release;
		};
/* End XCBuildConfiguration section */

/* Begin XCConfigurationList section */
		48F3909917754A4200494BA3 /* Build configuration list for PBXProject "iproduct-sample-004" */ = {
			isa = XCConfigurationList;
			buildConfigurations = (
				48F390D717754A4200494BA3 /* Debug */,
				48F390D817754A4200494BA3 /* Release */,
			);
			defaultConfigurationIsVisible = 0;
			defaultConfigurationName = Release;
		};
		48F390D917754A4200494BA3 /* Build configuration list for PBXNativeTarget "iproduct-sample-004" */ = {
			isa = XCConfigurationList;
			buildConfigurations = (
				48F390DA17754A4200494BA3 /* Debug */,
				48F390DB17754A4200494BA3 /* Release */,
			);
			defaultConfigurationIsVisible = 0;
			defaultConfigurationName = Release;
		};
		48F390DC17754A4200494BA3 /* Build configuration list for PBXNativeTarget "iproduct-sample-004Tests" */ = {
			isa = XCConfigurationList;
			buildConfigurations = (
				48F390DD17754A4200494BA3 /* Debug */,
				48F390DE17754A4200494BA3 /* Release */,
			);
			defaultConfigurationIsVisible = 0;
			defaultConfigurationName = Release;
		};
/* End XCConfigurationList section */
	};
	rootObject = 48F3909617754A4200494BA3 /* Project object */;
}
